// !$*UTF8*$!
{
	archiveVersion = 1;
	classes = {
	};
	objectVersion = 46;
	objects = {

/* Begin PBXBuildFile section */
		84882B8D1796977A00CCAF8B /* MPGameGameState.m in Sources */ = {isa = PBXBuildFile; fileRef = 84882B8C1796977A00CCAF8B /* MPGameGameState.m */; };
		848F050E1795DBBD001A4316 /* UIKit.framework in Frameworks */ = {isa = PBXBuildFile; fileRef = 848F050D1795DBBD001A4316 /* UIKit.framework */; };
		848F05101795DBBD001A4316 /* Foundation.framework in Frameworks */ = {isa = PBXBuildFile; fileRef = 848F050F1795DBBD001A4316 /* Foundation.framework */; };
		848F05121795DBBD001A4316 /* CoreGraphics.framework in Frameworks */ = {isa = PBXBuildFile; fileRef = 848F05111795DBBD001A4316 /* CoreGraphics.framework */; };
		848F05181795DBBD001A4316 /* InfoPlist.strings in Resources */ = {isa = PBXBuildFile; fileRef = 848F05161795DBBD001A4316 /* InfoPlist.strings */; };
		848F051A1795DBBD001A4316 /* main.m in Sources */ = {isa = PBXBuildFile; fileRef = 848F05191795DBBD001A4316 /* main.m */; };
		848F051E1795DBBD001A4316 /* MPAppDelegate.m in Sources */ = {isa = PBXBuildFile; fileRef = 848F051D1795DBBD001A4316 /* MPAppDelegate.m */; };
		848F05271795DBBD001A4316 /* MainStoryboard_iPhone.storyboard in Resources */ = {isa = PBXBuildFile; fileRef = 848F05251795DBBD001A4316 /* MainStoryboard_iPhone.storyboard */; };
		848F052A1795DBBD001A4316 /* MainStoryboard_iPad.storyboard in Resources */ = {isa = PBXBuildFile; fileRef = 848F05281795DBBD001A4316 /* MainStoryboard_iPad.storyboard */; };
		848F054A1795DE2F001A4316 /* MPGameState.m in Sources */ = {isa = PBXBuildFile; fileRef = 848F05491795DE2F001A4316 /* MPGameState.m */; };
		848F054D1795DF35001A4316 /* MPGameStateManager.m in Sources */ = {isa = PBXBuildFile; fileRef = 848F054C1795DF35001A4316 /* MPGameStateManager.m */; };
		848F05501795E04B001A4316 /* MPExtrasGameState.m in Sources */ = {isa = PBXBuildFile; fileRef = 848F054F1795E04B001A4316 /* MPExtrasGameState.m */; };
		848F05541795E08A001A4316 /* MPMainMenuGameState.m in Sources */ = {isa = PBXBuildFile; fileRef = 848F05531795E08A001A4316 /* MPMainMenuGameState.m */; };
		849026541797371500A7F4BF /* NSMutableArray_Shuffling.m in Sources */ = {isa = PBXBuildFile; fileRef = 849026531797371500A7F4BF /* NSMutableArray_Shuffling.m */; };
		84902657179739CA00A7F4BF /* MPGameOverGameState.m in Sources */ = {isa = PBXBuildFile; fileRef = 84902656179739CA00A7F4BF /* MPGameOverGameState.m */; };
		8490265A17973A0C00A7F4BF /* MPWinLevelGameState.m in Sources */ = {isa = PBXBuildFile; fileRef = 8490265917973A0C00A7F4BF /* MPWinLevelGameState.m */; };
		8490265D17973BF000A7F4BF /* MPMovimiento.m in Sources */ = {isa = PBXBuildFile; fileRef = 8490265C17973BF000A7F4BF /* MPMovimiento.m */; };
		8490265F17973D0000A7F4BF /* Movimientos.plist in Resources */ = {isa = PBXBuildFile; fileRef = 8490265E17973CFF00A7F4BF /* Movimientos.plist */; };
		849026EF17973DAB00A7F4BF /* bed.png in Resources */ = {isa = PBXBuildFile; fileRef = 849026E717973DA700A7F4BF /* bed.png */; };
		849026F017973DAB00A7F4BF /* bomb.png in Resources */ = {isa = PBXBuildFile; fileRef = 849026E817973DA700A7F4BF /* bomb.png */; };
		849026F117973DAB00A7F4BF /* map.png in Resources */ = {isa = PBXBuildFile; fileRef = 849026E917973DA800A7F4BF /* map.png */; };
		849026F217973DAB00A7F4BF /* ship.png in Resources */ = {isa = PBXBuildFile; fileRef = 849026EA17973DA800A7F4BF /* ship.png */; };
		849026F317973DAB00A7F4BF /* sleigh.png in Resources */ = {isa = PBXBuildFile; fileRef = 849026EB17973DA900A7F4BF /* sleigh.png */; };
		849026F417973DAB00A7F4BF /* snow.png in Resources */ = {isa = PBXBuildFile; fileRef = 849026EC17973DA900A7F4BF /* snow.png */; };
		849026F517973DAB00A7F4BF /* snowman.png in Resources */ = {isa = PBXBuildFile; fileRef = 849026ED17973DAA00A7F4BF /* snowman.png */; };
		849026F617973DAB00A7F4BF /* sword.png in Resources */ = {isa = PBXBuildFile; fileRef = 849026EE17973DAA00A7F4BF /* sword.png */; };
		84DC230C1796E5B4000D4096 /* Default-568h@2x.png in Resources */ = {isa = PBXBuildFile; fileRef = 84DC23071796E5B4000D4096 /* Default-568h@2x.png */; };
		84DC230D1796E5B4000D4096 /* Default.png in Resources */ = {isa = PBXBuildFile; fileRef = 84DC23081796E5B4000D4096 /* Default.png */; };
		84DC230E1796E5B4000D4096 /* Default@2x.png in Resources */ = {isa = PBXBuildFile; fileRef = 84DC23091796E5B4000D4096 /* Default@2x.png */; };
		84DC230F1796E5B4000D4096 /* icon.png in Resources */ = {isa = PBXBuildFile; fileRef = 84DC230A1796E5B4000D4096 /* icon.png */; };
		84DC23101796E5B4000D4096 /* icon@2x.png in Resources */ = {isa = PBXBuildFile; fileRef = 84DC230B1796E5B4000D4096 /* icon@2x.png */; };
		84DC23131796E616000D4096 /* MainMenu-bg.png in Resources */ = {isa = PBXBuildFile; fileRef = 84DC23111796E616000D4096 /* MainMenu-bg.png */; };
		84DC23141796E616000D4096 /* Options-bg.png in Resources */ = {isa = PBXBuildFile; fileRef = 84DC23121796E616000D4096 /* Options-bg.png */; };
		84DC23171796E6A6000D4096 /* MPViewController.m in Sources */ = {isa = PBXBuildFile; fileRef = 84DC23161796E6A6000D4096 /* MPViewController.m */; };
		84DC231A1796F766000D4096 /* MPWinGameState.m in Sources */ = {isa = PBXBuildFile; fileRef = 84DC23191796F766000D4096 /* MPWinGameState.m */; };
		84DC231D17970794000D4096 /* MPLevel.m in Sources */ = {isa = PBXBuildFile; fileRef = 84DC231C17970794000D4096 /* MPLevel.m */; };
		84DC232117970B92000D4096 /* MPAnimation.m in Sources */ = {isa = PBXBuildFile; fileRef = 84DC232017970B92000D4096 /* MPAnimation.m */; };
		84DC232517972F60000D4096 /* Animaciones.plist in Resources */ = {isa = PBXBuildFile; fileRef = 84DC232417972F60000D4096 /* Animaciones.plist */; };
		84DC232717972FBE000D4096 /* Levels.plist in Resources */ = {isa = PBXBuildFile; fileRef = 84DC232617972FBE000D4096 /* Levels.plist */; };
		84DC2338179730F4000D4096 /* win_1.png in Resources */ = {isa = PBXBuildFile; fileRef = 84DC2328179730EF000D4096 /* win_1.png */; };
		84DC2339179730F4000D4096 /* win_2.png in Resources */ = {isa = PBXBuildFile; fileRef = 84DC2329179730F0000D4096 /* win_2.png */; };
		84DC233A179730F4000D4096 /* win_3.png in Resources */ = {isa = PBXBuildFile; fileRef = 84DC232A179730F0000D4096 /* win_3.png */; };
		84DC233B179730F4000D4096 /* win_4.png in Resources */ = {isa = PBXBuildFile; fileRef = 84DC232B179730F0000D4096 /* win_4.png */; };
		84DC233C179730F4000D4096 /* win_5.png in Resources */ = {isa = PBXBuildFile; fileRef = 84DC232C179730F0000D4096 /* win_5.png */; };
		84DC233D179730F4000D4096 /* win_6.png in Resources */ = {isa = PBXBuildFile; fileRef = 84DC232D179730F1000D4096 /* win_6.png */; };
		84DC233E179730F4000D4096 /* win_7.png in Resources */ = {isa = PBXBuildFile; fileRef = 84DC232E179730F1000D4096 /* win_7.png */; };
		84DC233F179730F4000D4096 /* win_8.png in Resources */ = {isa = PBXBuildFile; fileRef = 84DC232F179730F1000D4096 /* win_8.png */; };
		84DC2340179730F4000D4096 /* win_9.png in Resources */ = {isa = PBXBuildFile; fileRef = 84DC2330179730F1000D4096 /* win_9.png */; };
		84DC2341179730F4000D4096 /* win_10.png in Resources */ = {isa = PBXBuildFile; fileRef = 84DC2331179730F1000D4096 /* win_10.png */; };
		84DC2342179730F4000D4096 /* win_11.png in Resources */ = {isa = PBXBuildFile; fileRef = 84DC2332179730F3000D4096 /* win_11.png */; };
		84DC2343179730F4000D4096 /* win_12.png in Resources */ = {isa = PBXBuildFile; fileRef = 84DC2333179730F3000D4096 /* win_12.png */; };
		84DC2344179730F4000D4096 /* win_13.png in Resources */ = {isa = PBXBuildFile; fileRef = 84DC2334179730F3000D4096 /* win_13.png */; };
		84DC2345179730F4000D4096 /* win_14.png in Resources */ = {isa = PBXBuildFile; fileRef = 84DC2335179730F3000D4096 /* win_14.png */; };
		84DC2346179730F4000D4096 /* win_15.png in Resources */ = {isa = PBXBuildFile; fileRef = 84DC2336179730F4000D4096 /* win_15.png */; };
		84DC2347179730F4000D4096 /* win_16.png in Resources */ = {isa = PBXBuildFile; fileRef = 84DC2337179730F4000D4096 /* win_16.png */; };
/* End PBXBuildFile section */

/* Begin PBXFileReference section */
		84882B8B1796977A00CCAF8B /* MPGameGameState.h */ = {isa = PBXFileReference; fileEncoding = 4; lastKnownFileType = sourcecode.c.h; name = MPGameGameState.h; path = "classes/game states/MPGameGameState.h"; sourceTree = "<group>"; };
		84882B8C1796977A00CCAF8B /* MPGameGameState.m */ = {isa = PBXFileReference; fileEncoding = 4; lastKnownFileType = sourcecode.c.objc; name = MPGameGameState.m; path = "classes/game states/MPGameGameState.m"; sourceTree = "<group>"; };
		848F050A1795DBBD001A4316 /* MisteryPath.app */ = {isa = PBXFileReference; explicitFileType = wrapper.application; includeInIndex = 0; path = MisteryPath.app; sourceTree = BUILT_PRODUCTS_DIR; };
		848F050D1795DBBD001A4316 /* UIKit.framework */ = {isa = PBXFileReference; lastKnownFileType = wrapper.framework; name = UIKit.framework; path = System/Library/Frameworks/UIKit.framework; sourceTree = SDKROOT; };
		848F050F1795DBBD001A4316 /* Foundation.framework */ = {isa = PBXFileReference; lastKnownFileType = wrapper.framework; name = Foundation.framework; path = System/Library/Frameworks/Foundation.framework; sourceTree = SDKROOT; };
		848F05111795DBBD001A4316 /* CoreGraphics.framework */ = {isa = PBXFileReference; lastKnownFileType = wrapper.framework; name = CoreGraphics.framework; path = System/Library/Frameworks/CoreGraphics.framework; sourceTree = SDKROOT; };
		848F05151795DBBD001A4316 /* MisteryPath-Info.plist */ = {isa = PBXFileReference; lastKnownFileType = text.plist.xml; path = "MisteryPath-Info.plist"; sourceTree = "<group>"; };
		848F05171795DBBD001A4316 /* en */ = {isa = PBXFileReference; lastKnownFileType = text.plist.strings; name = en; path = en.lproj/InfoPlist.strings; sourceTree = "<group>"; };
		848F05191795DBBD001A4316 /* main.m */ = {isa = PBXFileReference; lastKnownFileType = sourcecode.c.objc; path = main.m; sourceTree = "<group>"; };
		848F051B1795DBBD001A4316 /* MisteryPath-Prefix.pch */ = {isa = PBXFileReference; lastKnownFileType = sourcecode.c.h; path = "MisteryPath-Prefix.pch"; sourceTree = "<group>"; };
		848F051C1795DBBD001A4316 /* MPAppDelegate.h */ = {isa = PBXFileReference; lastKnownFileType = sourcecode.c.h; path = MPAppDelegate.h; sourceTree = "<group>"; };
		848F051D1795DBBD001A4316 /* MPAppDelegate.m */ = {isa = PBXFileReference; lastKnownFileType = sourcecode.c.objc; path = MPAppDelegate.m; sourceTree = "<group>"; };
		848F05261795DBBD001A4316 /* en */ = {isa = PBXFileReference; lastKnownFileType = file.storyboard; name = en; path = en.lproj/MainStoryboard_iPhone.storyboard; sourceTree = "<group>"; };
		848F05291795DBBD001A4316 /* en */ = {isa = PBXFileReference; lastKnownFileType = file.storyboard; name = en; path = en.lproj/MainStoryboard_iPad.storyboard; sourceTree = "<group>"; };
		848F05481795DE2F001A4316 /* MPGameState.h */ = {isa = PBXFileReference; fileEncoding = 4; lastKnownFileType = sourcecode.c.h; name = MPGameState.h; path = classes/MPGameState.h; sourceTree = "<group>"; };
		848F05491795DE2F001A4316 /* MPGameState.m */ = {isa = PBXFileReference; fileEncoding = 4; lastKnownFileType = sourcecode.c.objc; name = MPGameState.m; path = classes/MPGameState.m; sourceTree = "<group>"; };
		848F054B1795DF35001A4316 /* MPGameStateManager.h */ = {isa = PBXFileReference; fileEncoding = 4; lastKnownFileType = sourcecode.c.h; name = MPGameStateManager.h; path = classes/MPGameStateManager.h; sourceTree = "<group>"; };
		848F054C1795DF35001A4316 /* MPGameStateManager.m */ = {isa = PBXFileReference; fileEncoding = 4; lastKnownFileType = sourcecode.c.objc; name = MPGameStateManager.m; path = classes/MPGameStateManager.m; sourceTree = "<group>"; };
		848F054E1795E04B001A4316 /* MPExtrasGameState.h */ = {isa = PBXFileReference; fileEncoding = 4; lastKnownFileType = sourcecode.c.h; name = MPExtrasGameState.h; path = "classes/game states/MPExtrasGameState.h"; sourceTree = "<group>"; };
		848F054F1795E04B001A4316 /* MPExtrasGameState.m */ = {isa = PBXFileReference; fileEncoding = 4; lastKnownFileType = sourcecode.c.objc; name = MPExtrasGameState.m; path = "classes/game states/MPExtrasGameState.m"; sourceTree = "<group>"; };
		848F05521795E08A001A4316 /* MPMainMenuGameState.h */ = {isa = PBXFileReference; fileEncoding = 4; lastKnownFileType = sourcecode.c.h; name = MPMainMenuGameState.h; path = "classes/game states/MPMainMenuGameState.h"; sourceTree = "<group>"; };
		848F05531795E08A001A4316 /* MPMainMenuGameState.m */ = {isa = PBXFileReference; fileEncoding = 4; lastKnownFileType = sourcecode.c.objc; name = MPMainMenuGameState.m; path = "classes/game states/MPMainMenuGameState.m"; sourceTree = "<group>"; };
		849026521797371500A7F4BF /* NSMutableArray_Shuffling.h */ = {isa = PBXFileReference; fileEncoding = 4; lastKnownFileType = sourcecode.c.h; name = NSMutableArray_Shuffling.h; path = categories/NSMutableArray_Shuffling.h; sourceTree = "<group>"; };
		849026531797371500A7F4BF /* NSMutableArray_Shuffling.m */ = {isa = PBXFileReference; fileEncoding = 4; lastKnownFileType = sourcecode.c.objc; name = NSMutableArray_Shuffling.m; path = categories/NSMutableArray_Shuffling.m; sourceTree = "<group>"; };
		84902655179739CA00A7F4BF /* MPGameOverGameState.h */ = {isa = PBXFileReference; fileEncoding = 4; lastKnownFileType = sourcecode.c.h; name = MPGameOverGameState.h; path = "classes/game states/MPGameOverGameState.h"; sourceTree = "<group>"; };
		84902656179739CA00A7F4BF /* MPGameOverGameState.m */ = {isa = PBXFileReference; fileEncoding = 4; lastKnownFileType = sourcecode.c.objc; name = MPGameOverGameState.m; path = "classes/game states/MPGameOverGameState.m"; sourceTree = "<group>"; };
		8490265817973A0C00A7F4BF /* MPWinLevelGameState.h */ = {isa = PBXFileReference; fileEncoding = 4; lastKnownFileType = sourcecode.c.h; name = MPWinLevelGameState.h; path = "classes/game states/MPWinLevelGameState.h"; sourceTree = "<group>"; };
		8490265917973A0C00A7F4BF /* MPWinLevelGameState.m */ = {isa = PBXFileReference; fileEncoding = 4; lastKnownFileType = sourcecode.c.objc; name = MPWinLevelGameState.m; path = "classes/game states/MPWinLevelGameState.m"; sourceTree = "<group>"; };
		8490265B17973BF000A7F4BF /* MPMovimiento.h */ = {isa = PBXFileReference; fileEncoding = 4; lastKnownFileType = sourcecode.c.h; name = MPMovimiento.h; path = "classes/game logic/MPMovimiento.h"; sourceTree = "<group>"; };
		8490265C17973BF000A7F4BF /* MPMovimiento.m */ = {isa = PBXFileReference; fileEncoding = 4; lastKnownFileType = sourcecode.c.objc; name = MPMovimiento.m; path = "classes/game logic/MPMovimiento.m"; sourceTree = "<group>"; };
		8490265E17973CFF00A7F4BF /* Movimientos.plist */ = {isa = PBXFileReference; fileEncoding = 4; lastKnownFileType = text.plist.xml; name = Movimientos.plist; path = "classes/game logic/Movimientos.plist"; sourceTree = "<group>"; };
		849026E717973DA700A7F4BF /* bed.png */ = {isa = PBXFileReference; lastKnownFileType = image.png; name = bed.png; path = MisteryPath/assets/movimientos/bed.png; sourceTree = "<group>"; };
		849026E817973DA700A7F4BF /* bomb.png */ = {isa = PBXFileReference; lastKnownFileType = image.png; name = bomb.png; path = MisteryPath/assets/movimientos/bomb.png; sourceTree = "<group>"; };
		849026E917973DA800A7F4BF /* map.png */ = {isa = PBXFileReference; lastKnownFileType = image.png; name = map.png; path = MisteryPath/assets/movimientos/map.png; sourceTree = "<group>"; };
		849026EA17973DA800A7F4BF /* ship.png */ = {isa = PBXFileReference; lastKnownFileType = image.png; name = ship.png; path = MisteryPath/assets/movimientos/ship.png; sourceTree = "<group>"; };
		849026EB17973DA900A7F4BF /* sleigh.png */ = {isa = PBXFileReference; lastKnownFileType = image.png; name = sleigh.png; path = MisteryPath/assets/movimientos/sleigh.png; sourceTree = "<group>"; };
		849026EC17973DA900A7F4BF /* snow.png */ = {isa = PBXFileReference; lastKnownFileType = image.png; name = snow.png; path = MisteryPath/assets/movimientos/snow.png; sourceTree = "<group>"; };
		849026ED17973DAA00A7F4BF /* snowman.png */ = {isa = PBXFileReference; lastKnownFileType = image.png; name = snowman.png; path = MisteryPath/assets/movimientos/snowman.png; sourceTree = "<group>"; };
		849026EE17973DAA00A7F4BF /* sword.png */ = {isa = PBXFileReference; lastKnownFileType = image.png; name = sword.png; path = MisteryPath/assets/movimientos/sword.png; sourceTree = "<group>"; };
		84DC23071796E5B4000D4096 /* Default-568h@2x.png */ = {isa = PBXFileReference; lastKnownFileType = image.png; name = "Default-568h@2x.png"; path = "assets/Default-568h@2x.png"; sourceTree = "<group>"; };
		84DC23081796E5B4000D4096 /* Default.png */ = {isa = PBXFileReference; lastKnownFileType = image.png; name = Default.png; path = assets/Default.png; sourceTree = "<group>"; };
		84DC23091796E5B4000D4096 /* Default@2x.png */ = {isa = PBXFileReference; lastKnownFileType = image.png; name = "Default@2x.png"; path = "assets/Default@2x.png"; sourceTree = "<group>"; };
		84DC230A1796E5B4000D4096 /* icon.png */ = {isa = PBXFileReference; lastKnownFileType = image.png; name = icon.png; path = assets/icon.png; sourceTree = "<group>"; };
		84DC230B1796E5B4000D4096 /* icon@2x.png */ = {isa = PBXFileReference; lastKnownFileType = image.png; name = "icon@2x.png"; path = "assets/icon@2x.png"; sourceTree = "<group>"; };
		84DC23111796E616000D4096 /* MainMenu-bg.png */ = {isa = PBXFileReference; lastKnownFileType = image.png; name = "MainMenu-bg.png"; path = "assets/backgrounds/MainMenu-bg.png"; sourceTree = "<group>"; };
		84DC23121796E616000D4096 /* Options-bg.png */ = {isa = PBXFileReference; lastKnownFileType = image.png; name = "Options-bg.png"; path = "assets/backgrounds/Options-bg.png"; sourceTree = "<group>"; };
		84DC23151796E6A6000D4096 /* MPViewController.h */ = {isa = PBXFileReference; fileEncoding = 4; lastKnownFileType = sourcecode.c.h; name = MPViewController.h; path = controllers/MPViewController.h; sourceTree = "<group>"; };
		84DC23161796E6A6000D4096 /* MPViewController.m */ = {isa = PBXFileReference; fileEncoding = 4; lastKnownFileType = sourcecode.c.objc; name = MPViewController.m; path = controllers/MPViewController.m; sourceTree = "<group>"; };
		84DC23181796F765000D4096 /* MPWinGameState.h */ = {isa = PBXFileReference; fileEncoding = 4; lastKnownFileType = sourcecode.c.h; name = MPWinGameState.h; path = "classes/game states/MPWinGameState.h"; sourceTree = "<group>"; };
		84DC23191796F766000D4096 /* MPWinGameState.m */ = {isa = PBXFileReference; fileEncoding = 4; lastKnownFileType = sourcecode.c.objc; name = MPWinGameState.m; path = "classes/game states/MPWinGameState.m"; sourceTree = "<group>"; };
		84DC231B17970794000D4096 /* MPLevel.h */ = {isa = PBXFileReference; fileEncoding = 4; lastKnownFileType = sourcecode.c.h; name = MPLevel.h; path = "classes/game logic/MPLevel.h"; sourceTree = "<group>"; };
		84DC231C17970794000D4096 /* MPLevel.m */ = {isa = PBXFileReference; fileEncoding = 4; lastKnownFileType = sourcecode.c.objc; name = MPLevel.m; path = "classes/game logic/MPLevel.m"; sourceTree = "<group>"; };
		84DC231F17970B91000D4096 /* MPAnimation.h */ = {isa = PBXFileReference; fileEncoding = 4; lastKnownFileType = sourcecode.c.h; name = MPAnimation.h; path = "classes/game logic/MPAnimation.h"; sourceTree = "<group>"; };
		84DC232017970B92000D4096 /* MPAnimation.m */ = {isa = PBXFileReference; fileEncoding = 4; lastKnownFileType = sourcecode.c.objc; name = MPAnimation.m; path = "classes/game logic/MPAnimation.m"; sourceTree = "<group>"; };
		84DC232417972F60000D4096 /* Animaciones.plist */ = {isa = PBXFileReference; fileEncoding = 4; lastKnownFileType = text.plist.xml; name = Animaciones.plist; path = "classes/game logic/Animaciones.plist"; sourceTree = "<group>"; };
		84DC232617972FBE000D4096 /* Levels.plist */ = {isa = PBXFileReference; fileEncoding = 4; lastKnownFileType = text.plist.xml; name = Levels.plist; path = "classes/game logic/Levels.plist"; sourceTree = "<group>"; };
		84DC2328179730EF000D4096 /* win_1.png */ = {isa = PBXFileReference; lastKnownFileType = image.png; name = win_1.png; path = "assets/animaciones/1-0/win_1.png"; sourceTree = "<group>"; };
		84DC2329179730F0000D4096 /* win_2.png */ = {isa = PBXFileReference; lastKnownFileType = image.png; name = win_2.png; path = "assets/animaciones/1-0/win_2.png"; sourceTree = "<group>"; };
		84DC232A179730F0000D4096 /* win_3.png */ = {isa = PBXFileReference; lastKnownFileType = image.png; name = win_3.png; path = "assets/animaciones/1-0/win_3.png"; sourceTree = "<group>"; };
		84DC232B179730F0000D4096 /* win_4.png */ = {isa = PBXFileReference; lastKnownFileType = image.png; name = win_4.png; path = "assets/animaciones/1-0/win_4.png"; sourceTree = "<group>"; };
		84DC232C179730F0000D4096 /* win_5.png */ = {isa = PBXFileReference; lastKnownFileType = image.png; name = win_5.png; path = "assets/animaciones/1-0/win_5.png"; sourceTree = "<group>"; };
		84DC232D179730F1000D4096 /* win_6.png */ = {isa = PBXFileReference; lastKnownFileType = image.png; name = win_6.png; path = "assets/animaciones/1-0/win_6.png"; sourceTree = "<group>"; };
		84DC232E179730F1000D4096 /* win_7.png */ = {isa = PBXFileReference; lastKnownFileType = image.png; name = win_7.png; path = "assets/animaciones/1-0/win_7.png"; sourceTree = "<group>"; };
		84DC232F179730F1000D4096 /* win_8.png */ = {isa = PBXFileReference; lastKnownFileType = image.png; name = win_8.png; path = "assets/animaciones/1-0/win_8.png"; sourceTree = "<group>"; };
		84DC2330179730F1000D4096 /* win_9.png */ = {isa = PBXFileReference; lastKnownFileType = image.png; name = win_9.png; path = "assets/animaciones/1-0/win_9.png"; sourceTree = "<group>"; };
		84DC2331179730F1000D4096 /* win_10.png */ = {isa = PBXFileReference; lastKnownFileType = image.png; name = win_10.png; path = "assets/animaciones/1-0/win_10.png"; sourceTree = "<group>"; };
		84DC2332179730F3000D4096 /* win_11.png */ = {isa = PBXFileReference; lastKnownFileType = image.png; name = win_11.png; path = "assets/animaciones/1-0/win_11.png"; sourceTree = "<group>"; };
		84DC2333179730F3000D4096 /* win_12.png */ = {isa = PBXFileReference; lastKnownFileType = image.png; name = win_12.png; path = "assets/animaciones/1-0/win_12.png"; sourceTree = "<group>"; };
		84DC2334179730F3000D4096 /* win_13.png */ = {isa = PBXFileReference; lastKnownFileType = image.png; name = win_13.png; path = "assets/animaciones/1-0/win_13.png"; sourceTree = "<group>"; };
		84DC2335179730F3000D4096 /* win_14.png */ = {isa = PBXFileReference; lastKnownFileType = image.png; name = win_14.png; path = "assets/animaciones/1-0/win_14.png"; sourceTree = "<group>"; };
		84DC2336179730F4000D4096 /* win_15.png */ = {isa = PBXFileReference; lastKnownFileType = image.png; name = win_15.png; path = "assets/animaciones/1-0/win_15.png"; sourceTree = "<group>"; };
		84DC2337179730F4000D4096 /* win_16.png */ = {isa = PBXFileReference; lastKnownFileType = image.png; name = win_16.png; path = "assets/animaciones/1-0/win_16.png"; sourceTree = "<group>"; };
/* End PBXFileReference section */

/* Begin PBXFrameworksBuildPhase section */
		848F05071795DBBD001A4316 /* Frameworks */ = {
			isa = PBXFrameworksBuildPhase;
			buildActionMask = 2147483647;
			files = (
				848F050E1795DBBD001A4316 /* UIKit.framework in Frameworks */,
				848F05101795DBBD001A4316 /* Foundation.framework in Frameworks */,
				848F05121795DBBD001A4316 /* CoreGraphics.framework in Frameworks */,
			);
			runOnlyForDeploymentPostprocessing = 0;
		};
/* End PBXFrameworksBuildPhase section */

/* Begin PBXGroup section */
		848F05011795DBBD001A4316 = {
			isa = PBXGroup;
			children = (
				848F05131795DBBD001A4316 /* MisteryPath */,
				848F050C1795DBBD001A4316 /* Frameworks */,
				848F050B1795DBBD001A4316 /* Products */,
			);
			sourceTree = "<group>";
		};
		848F050B1795DBBD001A4316 /* Products */ = {
			isa = PBXGroup;
			children = (
				848F050A1795DBBD001A4316 /* MisteryPath.app */,
			);
			name = Products;
			sourceTree = "<group>";
		};
		848F050C1795DBBD001A4316 /* Frameworks */ = {
			isa = PBXGroup;
			children = (
				848F050D1795DBBD001A4316 /* UIKit.framework */,
				848F050F1795DBBD001A4316 /* Foundation.framework */,
				848F05111795DBBD001A4316 /* CoreGraphics.framework */,
			);
			name = Frameworks;
			sourceTree = "<group>";
		};
		848F05131795DBBD001A4316 /* MisteryPath */ = {
			isa = PBXGroup;
			children = (
				848F051C1795DBBD001A4316 /* MPAppDelegate.h */,
				848F051D1795DBBD001A4316 /* MPAppDelegate.m */,
				848F053B1795DC21001A4316 /* Assets */,
				848F05371795DBEF001A4316 /* Views */,
				848F053A1795DC15001A4316 /* Controllers */,
				848F053D1795DC39001A4316 /* Classes */,
				848F05141795DBBD001A4316 /* Supporting Files */,
				848F053C1795DC28001A4316 /* Categories */,
			);
			path = MisteryPath;
			sourceTree = "<group>";
		};
		848F05141795DBBD001A4316 /* Supporting Files */ = {
			isa = PBXGroup;
			children = (
				84DC230A1796E5B4000D4096 /* icon.png */,
				84DC230B1796E5B4000D4096 /* icon@2x.png */,
				84DC23071796E5B4000D4096 /* Default-568h@2x.png */,
				84DC23081796E5B4000D4096 /* Default.png */,
				84DC23091796E5B4000D4096 /* Default@2x.png */,
				848F05151795DBBD001A4316 /* MisteryPath-Info.plist */,
				848F05161795DBBD001A4316 /* InfoPlist.strings */,
				848F05191795DBBD001A4316 /* main.m */,
				848F051B1795DBBD001A4316 /* MisteryPath-Prefix.pch */,
			);
			name = "Supporting Files";
			sourceTree = "<group>";
		};
		848F05371795DBEF001A4316 /* Views */ = {
			isa = PBXGroup;
			children = (
				848F05381795DBF6001A4316 /* iPhone */,
				848F05391795DC05001A4316 /* iPad */,
			);
			name = Views;
			sourceTree = "<group>";
		};
		848F05381795DBF6001A4316 /* iPhone */ = {
			isa = PBXGroup;
			children = (
				848F05251795DBBD001A4316 /* MainStoryboard_iPhone.storyboard */,
			);
			name = iPhone;
			sourceTree = "<group>";
		};
		848F05391795DC05001A4316 /* iPad */ = {
			isa = PBXGroup;
			children = (
				848F05281795DBBD001A4316 /* MainStoryboard_iPad.storyboard */,
			);
			name = iPad;
			sourceTree = "<group>";
		};
		848F053A1795DC15001A4316 /* Controllers */ = {
			isa = PBXGroup;
			children = (
				84DC23151796E6A6000D4096 /* MPViewController.h */,
				84DC23161796E6A6000D4096 /* MPViewController.m */,
			);
			name = Controllers;
			sourceTree = "<group>";
		};
		848F053B1795DC21001A4316 /* Assets */ = {
			isa = PBXGroup;
			children = (
				849026F717973DB100A7F4BF /* movimientos */,
				84DC234A17973116000D4096 /* animaciones */,
				84DC23491797310B000D4096 /* backgrounds */,
			);
			name = Assets;
			sourceTree = "<group>";
		};
		848F053C1795DC28001A4316 /* Categories */ = {
			isa = PBXGroup;
			children = (
				849026521797371500A7F4BF /* NSMutableArray_Shuffling.h */,
				849026531797371500A7F4BF /* NSMutableArray_Shuffling.m */,
			);
			name = Categories;
			sourceTree = "<group>";
		};
		848F053D1795DC39001A4316 /* Classes */ = {
			isa = PBXGroup;
			children = (
				848F054B1795DF35001A4316 /* MPGameStateManager.h */,
				848F054C1795DF35001A4316 /* MPGameStateManager.m */,
				848F05481795DE2F001A4316 /* MPGameState.h */,
				848F05491795DE2F001A4316 /* MPGameState.m */,
				848F05511795E051001A4316 /* game states */,
			);
			name = Classes;
			sourceTree = "<group>";
		};
		848F05511795E051001A4316 /* game states */ = {
			isa = PBXGroup;
			children = (
				848F05521795E08A001A4316 /* MPMainMenuGameState.h */,
				848F05531795E08A001A4316 /* MPMainMenuGameState.m */,
				848F054E1795E04B001A4316 /* MPExtrasGameState.h */,
				848F054F1795E04B001A4316 /* MPExtrasGameState.m */,
				84882B8B1796977A00CCAF8B /* MPGameGameState.h */,
				84882B8C1796977A00CCAF8B /* MPGameGameState.m */,
				8490265817973A0C00A7F4BF /* MPWinLevelGameState.h */,
				8490265917973A0C00A7F4BF /* MPWinLevelGameState.m */,
				84902655179739CA00A7F4BF /* MPGameOverGameState.h */,
				84902656179739CA00A7F4BF /* MPGameOverGameState.m */,
				84DC23181796F765000D4096 /* MPWinGameState.h */,
				84DC23191796F766000D4096 /* MPWinGameState.m */,
				84DC231E17970850000D4096 /* game logic */,
			);
			name = "game states";
			sourceTree = "<group>";
		};
		849026F717973DB100A7F4BF /* movimientos */ = {
			isa = PBXGroup;
			children = (
				849026E717973DA700A7F4BF /* bed.png */,
				849026E817973DA700A7F4BF /* bomb.png */,
				849026E917973DA800A7F4BF /* map.png */,
				849026EA17973DA800A7F4BF /* ship.png */,
				849026EB17973DA900A7F4BF /* sleigh.png */,
				849026EC17973DA900A7F4BF /* snow.png */,
				849026ED17973DAA00A7F4BF /* snowman.png */,
				849026EE17973DAA00A7F4BF /* sword.png */,
			);
			name = movimientos;
			path = ..;
			sourceTree = "<group>";
		};
		84DC231E17970850000D4096 /* game logic */ = {
			isa = PBXGroup;
			children = (
				84DC231B17970794000D4096 /* MPLevel.h */,
				84DC231C17970794000D4096 /* MPLevel.m */,
				84DC232617972FBE000D4096 /* Levels.plist */,
				84DC231F17970B91000D4096 /* MPAnimation.h */,
				84DC232017970B92000D4096 /* MPAnimation.m */,
				84DC232417972F60000D4096 /* Animaciones.plist */,
				8490265B17973BF000A7F4BF /* MPMovimiento.h */,
				8490265C17973BF000A7F4BF /* MPMovimiento.m */,
				8490265E17973CFF00A7F4BF /* Movimientos.plist */,
			);
			name = "game logic";
			sourceTree = "<group>";
		};
		84DC2348179730FB000D4096 /* 1-0 */ = {
			isa = PBXGroup;
			children = (
				84DC2328179730EF000D4096 /* win_1.png */,
				84DC2329179730F0000D4096 /* win_2.png */,
				84DC232A179730F0000D4096 /* win_3.png */,
				84DC232B179730F0000D4096 /* win_4.png */,
				84DC232C179730F0000D4096 /* win_5.png */,
				84DC232D179730F1000D4096 /* win_6.png */,
				84DC232E179730F1000D4096 /* win_7.png */,
				84DC232F179730F1000D4096 /* win_8.png */,
				84DC2330179730F1000D4096 /* win_9.png */,
				84DC2331179730F1000D4096 /* win_10.png */,
				84DC2332179730F3000D4096 /* win_11.png */,
				84DC2333179730F3000D4096 /* win_12.png */,
				84DC2334179730F3000D4096 /* win_13.png */,
				84DC2335179730F3000D4096 /* win_14.png */,
				84DC2336179730F4000D4096 /* win_15.png */,
				84DC2337179730F4000D4096 /* win_16.png */,
			);
			name = "1-0";
			sourceTree = "<group>";
		};
		84DC23491797310B000D4096 /* backgrounds */ = {
			isa = PBXGroup;
			children = (
				84DC23111796E616000D4096 /* MainMenu-bg.png */,
				84DC23121796E616000D4096 /* Options-bg.png */,
			);
			name = backgrounds;
			sourceTree = "<group>";
		};
		84DC234A17973116000D4096 /* animaciones */ = {
			isa = PBXGroup;
			children = (
				84DC2348179730FB000D4096 /* 1-0 */,
			);
			name = animaciones;
			sourceTree = "<group>";
		};
/* End PBXGroup section */

/* Begin PBXNativeTarget section */
		848F05091795DBBD001A4316 /* MisteryPath */ = {
			isa = PBXNativeTarget;
			buildConfigurationList = 848F05301795DBBD001A4316 /* Build configuration list for PBXNativeTarget "MisteryPath" */;
			buildPhases = (
				848F05061795DBBD001A4316 /* Sources */,
				848F05071795DBBD001A4316 /* Frameworks */,
				848F05081795DBBD001A4316 /* Resources */,
			);
			buildRules = (
			);
			dependencies = (
			);
			name = MisteryPath;
			productName = MisteryPath;
			productReference = 848F050A1795DBBD001A4316 /* MisteryPath.app */;
			productType = "com.apple.product-type.application";
		};
/* End PBXNativeTarget section */

/* Begin PBXProject section */
		848F05021795DBBD001A4316 /* Project object */ = {
			isa = PBXProject;
			attributes = {
				CLASSPREFIX = MP;
				LastUpgradeCheck = 0460;
				ORGANIZATIONNAME = "Sinapse Consulting SL";
			};
			buildConfigurationList = 848F05051795DBBD001A4316 /* Build configuration list for PBXProject "MisteryPath" */;
			compatibilityVersion = "Xcode 3.2";
			developmentRegion = English;
			hasScannedForEncodings = 0;
			knownRegions = (
				en,
			);
			mainGroup = 848F05011795DBBD001A4316;
			productRefGroup = 848F050B1795DBBD001A4316 /* Products */;
			projectDirPath = "";
			projectRoot = "";
			targets = (
				848F05091795DBBD001A4316 /* MisteryPath */,
			);
		};
/* End PBXProject section */

/* Begin PBXResourcesBuildPhase section */
		848F05081795DBBD001A4316 /* Resources */ = {
			isa = PBXResourcesBuildPhase;
			buildActionMask = 2147483647;
			files = (
				848F05181795DBBD001A4316 /* InfoPlist.strings in Resources */,
				848F05271795DBBD001A4316 /* MainStoryboard_iPhone.storyboard in Resources */,
				848F052A1795DBBD001A4316 /* MainStoryboard_iPad.storyboard in Resources */,
				84DC230C1796E5B4000D4096 /* Default-568h@2x.png in Resources */,
				84DC230D1796E5B4000D4096 /* Default.png in Resources */,
				84DC230E1796E5B4000D4096 /* Default@2x.png in Resources */,
				84DC230F1796E5B4000D4096 /* icon.png in Resources */,
				84DC23101796E5B4000D4096 /* icon@2x.png in Resources */,
				84DC23131796E616000D4096 /* MainMenu-bg.png in Resources */,
				84DC23141796E616000D4096 /* Options-bg.png in Resources */,
				84DC232517972F60000D4096 /* Animaciones.plist in Resources */,
				84DC232717972FBE000D4096 /* Levels.plist in Resources */,
				84DC2338179730F4000D4096 /* win_1.png in Resources */,
				84DC2339179730F4000D4096 /* win_2.png in Resources */,
				84DC233A179730F4000D4096 /* win_3.png in Resources */,
				84DC233B179730F4000D4096 /* win_4.png in Resources */,
				84DC233C179730F4000D4096 /* win_5.png in Resources */,
				84DC233D179730F4000D4096 /* win_6.png in Resources */,
				84DC233E179730F4000D4096 /* win_7.png in Resources */,
				84DC233F179730F4000D4096 /* win_8.png in Resources */,
				84DC2340179730F4000D4096 /* win_9.png in Resources */,
				84DC2341179730F4000D4096 /* win_10.png in Resources */,
				84DC2342179730F4000D4096 /* win_11.png in Resources */,
				84DC2343179730F4000D4096 /* win_12.png in Resources */,
				84DC2344179730F4000D4096 /* win_13.png in Resources */,
				84DC2345179730F4000D4096 /* win_14.png in Resources */,
				84DC2346179730F4000D4096 /* win_15.png in Resources */,
				84DC2347179730F4000D4096 /* win_16.png in Resources */,
				8490265F17973D0000A7F4BF /* Movimientos.plist in Resources */,
				849026EF17973DAB00A7F4BF /* bed.png in Resources */,
				849026F017973DAB00A7F4BF /* bomb.png in Resources */,
				849026F117973DAB00A7F4BF /* map.png in Resources */,
				849026F217973DAB00A7F4BF /* ship.png in Resources */,
				849026F317973DAB00A7F4BF /* sleigh.png in Resources */,
				849026F417973DAB00A7F4BF /* snow.png in Resources */,
				849026F517973DAB00A7F4BF /* snowman.png in Resources */,
				849026F617973DAB00A7F4BF /* sword.png in Resources */,
			);
			runOnlyForDeploymentPostprocessing = 0;
		};
/* End PBXResourcesBuildPhase section */

/* Begin PBXSourcesBuildPhase section */
		848F05061795DBBD001A4316 /* Sources */ = {
			isa = PBXSourcesBuildPhase;
			buildActionMask = 2147483647;
			files = (
				848F051A1795DBBD001A4316 /* main.m in Sources */,
				848F051E1795DBBD001A4316 /* MPAppDelegate.m in Sources */,
				848F054A1795DE2F001A4316 /* MPGameState.m in Sources */,
				848F054D1795DF35001A4316 /* MPGameStateManager.m in Sources */,
				848F05501795E04B001A4316 /* MPExtrasGameState.m in Sources */,
				848F05541795E08A001A4316 /* MPMainMenuGameState.m in Sources */,
				84882B8D1796977A00CCAF8B /* MPGameGameState.m in Sources */,
				84DC23171796E6A6000D4096 /* MPViewController.m in Sources */,
				84DC231A1796F766000D4096 /* MPWinGameState.m in Sources */,
				84DC231D17970794000D4096 /* MPLevel.m in Sources */,
				84DC232117970B92000D4096 /* MPAnimation.m in Sources */,
				849026541797371500A7F4BF /* NSMutableArray_Shuffling.m in Sources */,
				84902657179739CA00A7F4BF /* MPGameOverGameState.m in Sources */,
				8490265A17973A0C00A7F4BF /* MPWinLevelGameState.m in Sources */,
				8490265D17973BF000A7F4BF /* MPMovimiento.m in Sources */,
			);
			runOnlyForDeploymentPostprocessing = 0;
		};
/* End PBXSourcesBuildPhase section */

/* Begin PBXVariantGroup section */
		848F05161795DBBD001A4316 /* InfoPlist.strings */ = {
			isa = PBXVariantGroup;
			children = (
				848F05171795DBBD001A4316 /* en */,
			);
			name = InfoPlist.strings;
			sourceTree = "<group>";
		};
		848F05251795DBBD001A4316 /* MainStoryboard_iPhone.storyboard */ = {
			isa = PBXVariantGroup;
			children = (
				848F05261795DBBD001A4316 /* en */,
			);
			name = MainStoryboard_iPhone.storyboard;
			sourceTree = "<group>";
		};
		848F05281795DBBD001A4316 /* MainStoryboard_iPad.storyboard */ = {
			isa = PBXVariantGroup;
			children = (
				848F05291795DBBD001A4316 /* en */,
			);
			name = MainStoryboard_iPad.storyboard;
			sourceTree = "<group>";
		};
/* End PBXVariantGroup section */

/* Begin XCBuildConfiguration section */
		848F052E1795DBBD001A4316 /* Debug */ = {
			isa = XCBuildConfiguration;
			buildSettings = {
				ALWAYS_SEARCH_USER_PATHS = NO;
				CLANG_CXX_LANGUAGE_STANDARD = "gnu++0x";
				CLANG_CXX_LIBRARY = "libc++";
				CLANG_ENABLE_OBJC_ARC = YES;
				CLANG_WARN_CONSTANT_CONVERSION = YES;
				CLANG_WARN_EMPTY_BODY = YES;
				CLANG_WARN_ENUM_CONVERSION = YES;
				CLANG_WARN_INT_CONVERSION = YES;
				CLANG_WARN__DUPLICATE_METHOD_MATCH = YES;
				"CODE_SIGN_IDENTITY[sdk=iphoneos*]" = "iPhone Developer";
				COPY_PHASE_STRIP = NO;
				GCC_C_LANGUAGE_STANDARD = gnu99;
				GCC_DYNAMIC_NO_PIC = NO;
				GCC_OPTIMIZATION_LEVEL = 0;
				GCC_PREPROCESSOR_DEFINITIONS = (
					"DEBUG=1",
					"$(inherited)",
				);
				GCC_SYMBOLS_PRIVATE_EXTERN = NO;
				GCC_WARN_ABOUT_RETURN_TYPE = YES;
				GCC_WARN_UNINITIALIZED_AUTOS = YES;
				GCC_WARN_UNUSED_VARIABLE = YES;
				IPHONEOS_DEPLOYMENT_TARGET = 6.1;
				ONLY_ACTIVE_ARCH = YES;
				SDKROOT = iphoneos;
				TARGETED_DEVICE_FAMILY = "1,2";
			};
			name = Debug;
		};
		848F052F1795DBBD001A4316 /* Release */ = {
			isa = XCBuildConfiguration;
			buildSettings = {
				ALWAYS_SEARCH_USER_PATHS = NO;
				CLANG_CXX_LANGUAGE_STANDARD = "gnu++0x";
				CLANG_CXX_LIBRARY = "libc++";
				CLANG_ENABLE_OBJC_ARC = YES;
				CLANG_WARN_CONSTANT_CONVERSION = YES;
				CLANG_WARN_EMPTY_BODY = YES;
				CLANG_WARN_ENUM_CONVERSION = YES;
				CLANG_WARN_INT_CONVERSION = YES;
				CLANG_WARN__DUPLICATE_METHOD_MATCH = YES;
				"CODE_SIGN_IDENTITY[sdk=iphoneos*]" = "iPhone Developer";
				COPY_PHASE_STRIP = YES;
				GCC_C_LANGUAGE_STANDARD = gnu99;
				GCC_WARN_ABOUT_RETURN_TYPE = YES;
				GCC_WARN_UNINITIALIZED_AUTOS = YES;
				GCC_WARN_UNUSED_VARIABLE = YES;
				IPHONEOS_DEPLOYMENT_TARGET = 6.1;
				OTHER_CFLAGS = "-DNS_BLOCK_ASSERTIONS=1";
				SDKROOT = iphoneos;
				TARGETED_DEVICE_FAMILY = "1,2";
				VALIDATE_PRODUCT = YES;
			};
			name = Release;
		};
		848F05311795DBBD001A4316 /* Debug */ = {
			isa = XCBuildConfiguration;
			buildSettings = {
				GCC_PRECOMPILE_PREFIX_HEADER = YES;
				GCC_PREFIX_HEADER = "MisteryPath/MisteryPath-Prefix.pch";
				INFOPLIST_FILE = "MisteryPath/MisteryPath-Info.plist";
				IPHONEOS_DEPLOYMENT_TARGET = 5.0;
				PRODUCT_NAME = "$(TARGET_NAME)";
				WRAPPER_EXTENSION = app;
			};
			name = Debug;
		};
		848F05321795DBBD001A4316 /* Release */ = {
			isa = XCBuildConfiguration;
			buildSettings = {
				GCC_PRECOMPILE_PREFIX_HEADER = YES;
				GCC_PREFIX_HEADER = "MisteryPath/MisteryPath-Prefix.pch";
				INFOPLIST_FILE = "MisteryPath/MisteryPath-Info.plist";
				IPHONEOS_DEPLOYMENT_TARGET = 5.0;
				PRODUCT_NAME = "$(TARGET_NAME)";
				WRAPPER_EXTENSION = app;
			};
			name = Release;
		};
/* End XCBuildConfiguration section */

/* Begin XCConfigurationList section */
		848F05051795DBBD001A4316 /* Build configuration list for PBXProject "MisteryPath" */ = {
			isa = XCConfigurationList;
			buildConfigurations = (
				848F052E1795DBBD001A4316 /* Debug */,
				848F052F1795DBBD001A4316 /* Release */,
			);
			defaultConfigurationIsVisible = 0;
			defaultConfigurationName = Release;
		};
		848F05301795DBBD001A4316 /* Build configuration list for PBXNativeTarget "MisteryPath" */ = {
			isa = XCConfigurationList;
			buildConfigurations = (
				848F05311795DBBD001A4316 /* Debug */,
				848F05321795DBBD001A4316 /* Release */,
			);
			defaultConfigurationIsVisible = 0;
			defaultConfigurationName = Release;
		};
/* End XCConfigurationList section */
	};
	rootObject = 848F05021795DBBD001A4316 /* Project object */;
}
